github.com/chzyer/readline v0.0.0-20180603132655-2972be24d48e/go.mod h1:nSuG5e5PlCu98SY8svDHJxuZscDgtXS6KTTbou5AhLI=
github.com/cjoudrey/gluahttp v0.0.0-20190104103309-101c19a37344 h1:nTK6O2RY1nHC4jNEJd1nixVP7ygY3QE4CNxCX07dHKU=
github.com/cjoudrey/gluahttp v0.0.0-20190104103309-101c19a37344/go.mod h1:X97UjDTXp+7bayQSFZk2hPvCTmTZIicUjZQRtkwgAKY=
github.com/fsnotify/fsnotify v1.4.7 h1:IXs+QLmnXW2CcXuY+8Mzv/fWEsPGWxqefPtCP5CnV9I=
github.com/fsnotify/fsnotify v1.4.7/go.mod h1:jwhsz4b93w/PPRr/qN1Yymfu8t87LnFCMoQvtojpjFo=
github.com/gorilla/context v1.1.1 h1:AWwleXJkX/nhcU9bZSnZoi3h/qGYqQAGhq6zZe/aQW8=
github.com/gorilla/context v1.1.1/go.mod h1:kBGZzfjB9CEq2AlWe17Uuf7NDRt0dE0s8S51q0aT7Yg=
github.com/gorilla/mux v1.6.2 h1:Pgr17XVTNXAk3q/r4CpKzC5xBM/qW1uVLV+IhRZpIIk=
github.com/gorilla/mux v1.6.2/go.mod h1:1lud6UwP+6orDFRuTfBEV8e9/aOM/c4fVVCaMa2zaAs=
github.com/speedata/config v0.0.0-20181203093101-3a3f44982ec4 h1:20KhtGSKIcqEv4WtuCVYM9rWhgiuYJGLm5aCeW4IufI=
github.com/speedata/config v0.0.0-20181203093101-3a3f44982ec4/go.mod h1:TxWfFcFnaw1mu9xndZolTbZk1BWCdDZWvsEfQnCvbZY=
github.com/speedata/configurator v0.0.0-20181204130920-092f848de8e1 h1:MOkDOMUlbquW+gXaRLdxmHLqsXpwOE8iidcpgwbk78s=
github.com/speedata/configurator v0.0.0-20181204130920-092f848de8e1/go.mod h1:h+7uQzaP66Pxnw2Cd5f8TnzRlC5ue52Eem85P+WnzVc=
github.com/speedata/goxlsx v1.0.1 h1:8dw3hhZhSmi0mV6Tj69p/8GdsLiG2zUNbYwpP5ZUO0A=
github.com/speedata/goxlsx v1.0.1/go.mod h1:7eXkL4ZUZ2uUlnBBAmh0iwOdhOkqqstW/FmkEe2IPMY=
github.com/speedata/hotfolder v0.0.0-20181204121114-5f743a840a92 h1:X9JJkHmcQlWmDzN5m11u8+44iXf+ggmOdprrU4z5eTA=
github.com/speedata/hotfolder v0.0.0-20181204121114-5f743a840a92/go.mod h1:rsc2+nghpGmXpyXMj/zuke7fphLxMvAmgcO6WCeBuic=
github.com/speedata/optionparser v1.0.0 h1:O9Bvoq20BQWMPq0b/id0kBT9oI0njNlHzY/wtQ3JA1o=
github.com/speedata/optionparser v1.0.0/go.mod h1:AetA6qHxho+CGuukPCm44MsGu+Vvu/fATB/Er9PKmGk=
github.com/yuin/gopher-lua v0.0.0-20181109042959-a0dfe84f6227 h1:GRy+0tGtORsCA+CJUMfhLuN71eQ0LtsQRDBQKbzESdc=
github.com/yuin/gopher-lua v0.0.0-20181109042959-a0dfe84f6227/go.mod h1:fFiAh+CowNFr0NK5VASokuwKwkbacRmHsVA7Yb1Tqac=
golang.org/x/sys v0.0.0-20181128092732-4ed8d59d0b35 h1:YAFjXN64LMvktoUZH9zgY4lGc/msGN7HQfoSuKCgaDU=
golang.org/x/sys v0.0.0-20181128092732-4ed8d59d0b35/go.mod h1:STP8DvDyc/dI5b8T5hshtkjS+E42TnysNCUPdjciGhY=
golang.org/x/text v0.3.0 h1:g61tztE5qeGQ89tm6NTjjM9VPIm088od1l6aSorWRWg=
golang.org/x/text v0.3.0/go.mod h1:NqM8EUOU14njkJ3fqMW+pc6Ldnwhi/IjpwHt7yyuwOQ=
