github.com/gammazero/deque v0.0.0-20190521012701-46e4ffb7a622 h1:lxbhOGZ9pU3Kf8P6lFluUcE82yVZn2EqEf4+mWRNPV0=
github.com/gammazero/deque v0.0.0-20190521012701-46e4ffb7a622/go.mod h1:D90+MBHVc9Sk1lJAbEVgws0eYEurY4mv2TDso3Nxh3w=
github.com/gammazero/workerpool v0.0.0-20200124200352-1f57f023f98d h1:WvEtD4haMTH9j3hHDASRgxGebf8FwRY1qUb9R8IhGyg=
github.com/gammazero/workerpool v0.0.0-20200124200352-1f57f023f98d/go.mod h1:ZObaTlXZGgqKXhhlk+zNvSOXT+h6VGThA0ZQxLqn8x0=
