github.com/chzyer/readline v0.0.0-20180603132655-2972be24d48e/go.mod h1:nSuG5e5PlCu98SY8svDHJxuZscDgtXS6KTTbou5AhLI=
github.com/gorilla/mux v1.6.2 h1:Pgr17XVTNXAk3q/r4CpKzC5xBM/qW1uVLV+IhRZpIIk=
github.com/gorilla/mux v1.6.2/go.mod h1:1lud6UwP+6orDFRuTfBEV8e9/aOM/c4fVVCaMa2zaAs=
github.com/speedata/goxlsx v1.0.1 h1:8dw3hhZhSmi0mV6Tj69p/8GdsLiG2zUNbYwpP5ZUO0A=
github.com/speedata/goxlsx v1.0.1/go.mod h1:7eXkL4ZUZ2uUlnBBAmh0iwOdhOkqqstW/FmkEe2IPMY=
github.com/speedata/optionparser v1.0.0 h1:O9Bvoq20BQWMPq0b/id0kBT9oI0njNlHzY/wtQ3JA1o=
github.com/speedata/optionparser v1.0.0/go.mod h1:AetA6qHxho+CGuukPCm44MsGu+Vvu/fATB/Er9PKmGk=
github.com/yuin/gopher-lua v0.0.0-20181109042959-a0dfe84f6227 h1:GRy+0tGtORsCA+CJUMfhLuN71eQ0LtsQRDBQKbzESdc=
github.com/yuin/gopher-lua v0.0.0-20181109042959-a0dfe84f6227/go.mod h1:fFiAh+CowNFr0NK5VASokuwKwkbacRmHsVA7Yb1Tqac=
golang.org/x/text v0.3.0 h1:g61tztE5qeGQ89tm6NTjjM9VPIm088od1l6aSorWRWg=
golang.org/x/text v0.3.0/go.mod h1:NqM8EUOU14njkJ3fqMW+pc6Ldnwhi/IjpwHt7yyuwOQ=
