github.com/gofrs/uuid v3.1.0+incompatible h1:q2rtkjaKT4YEr6E1kamy0Ha4RtepWlQBedyHx0uzKwA=
github.com/gofrs/uuid v3.1.0+incompatible/go.mod h1:b2aQJv3Z4Fp6yNu3cdSllBxTCLRxnplIgP/c0N/04lM=
github.com/gorilla/feeds v1.1.0 h1:pcgLJhbdYgaUESnj3AmXPcB7cS3vy63+jC/TI14AGXk=
github.com/gorilla/feeds v1.1.0/go.mod h1:Nk0jZrvPFZX1OBe5NPiddPw7CfwF6Q9eqzaBbaightA=
github.com/russross/blackfriday v1.5.2 h1:HyvC0ARfnZBqnXwABFeSZHpKvJHJJfPz81GNueLj0oo=
github.com/russross/blackfriday v1.5.2/go.mod h1:JO/DiYxRf+HjHt06OyowR9PTA263kcR/rfWxYHBV53g=
github.com/speedata/decorate v0.0.0-20140819225746-11c959617936 h1:Ue2lSsLGxsc0ag89CHWOt6Vk4xx7DWlTicmWzKX8kK8=
github.com/speedata/decorate v0.0.0-20140819225746-11c959617936/go.mod h1:PPKQSVs/r3HPpMsJ+VvPRB/5OnYoS+b2IYYMdomUQGg=
github.com/speedata/go-epub v0.5.5 h1:jcZWJD0t7smT5cswJrHXkHdGbNXUX9Vsl2dM0o/EMUQ=
github.com/speedata/go-epub v0.5.5/go.mod h1:j/d0SwgywCeWsAFrme3XCBRzJX/nfRwPpx65FU9Tnoc=
github.com/speedata/optionparser v1.0.0 h1:O9Bvoq20BQWMPq0b/id0kBT9oI0njNlHzY/wtQ3JA1o=
github.com/speedata/optionparser v1.0.0/go.mod h1:AetA6qHxho+CGuukPCm44MsGu+Vvu/fATB/Er9PKmGk=
